{
  "pins" : [
    {
      "identity" : "nuke",
      "kind" : "remoteSourceControl",
      "location" : "https://github.com/kean/Nuke.git",
      "state" : {
        "revision" : "c3864b8882bc69f5edfe5c70e18786c91d228b28",
        "version" : "12.1.3"
      }
    },
    {
      "identity" : "snowballswiftkit",
      "kind" : "remoteSourceControl",
      "location" : "https://github.com/snowball-tools/SnowballSwiftKit.git",
      "state" : {
        "revision" : "f2829be72752f9306e4a5c6e4968906fd98aed25",
        "version" : "0.0.6"
      }
    }
  ],
  "version" : 2
}
