// !$*UTF8*$!
{
	archiveVersion = 1;
	classes = {
	};
	objectVersion = 56;
	objects = {

/* Begin PBXBuildFile section */
		088927822A6B2427007DFE0E /* LeSnacksApp.swift in Sources */ = {isa = PBXBuildFile; fileRef = 088927812A6B2427007DFE0E /* LeSnacksApp.swift */; };
		088927842A6B2427007DFE0E /* LoginView.swift in Sources */ = {isa = PBXBuildFile; fileRef = 088927832A6B2427007DFE0E /* LoginView.swift */; };
		088927862A6B2428007DFE0E /* Assets.xcassets in Resources */ = {isa = PBXBuildFile; fileRef = 088927852A6B2428007DFE0E /* Assets.xcassets */; };
		088927892A6B2428007DFE0E /* Preview Assets.xcassets in Resources */ = {isa = PBXBuildFile; fileRef = 088927882A6B2428007DFE0E /* Preview Assets.xcassets */; };
		088927932A6B2428007DFE0E /* LeSnacksTests.swift in Sources */ = {isa = PBXBuildFile; fileRef = 088927922A6B2428007DFE0E /* LeSnacksTests.swift */; };
		0889279D2A6B2428007DFE0E /* LeSnacksUITests.swift in Sources */ = {isa = PBXBuildFile; fileRef = 0889279C2A6B2428007DFE0E /* LeSnacksUITests.swift */; };
		0889279F2A6B2428007DFE0E /* LeSnacksUITestsLaunchTests.swift in Sources */ = {isa = PBXBuildFile; fileRef = 0889279E2A6B2428007DFE0E /* LeSnacksUITestsLaunchTests.swift */; };
		088927AD2A6B26A6007DFE0E /* SnowballAssetKit in Frameworks */ = {isa = PBXBuildFile; productRef = 088927AC2A6B26A6007DFE0E /* SnowballAssetKit */; };
		088927AF2A6B26A6007DFE0E /* SnowballSwiftKit in Frameworks */ = {isa = PBXBuildFile; productRef = 088927AE2A6B26A6007DFE0E /* SnowballSwiftKit */; };
		088927B12A6B2AA0007DFE0E /* LoginProviderCell.swift in Sources */ = {isa = PBXBuildFile; fileRef = 088927B02A6B2AA0007DFE0E /* LoginProviderCell.swift */; };
		088927B32A6B2E8A007DFE0E /* ProfileView.swift in Sources */ = {isa = PBXBuildFile; fileRef = 088927B22A6B2E8A007DFE0E /* ProfileView.swift */; };
		088927B52A6B3009007DFE0E /* MapView.swift in Sources */ = {isa = PBXBuildFile; fileRef = 088927B42A6B3009007DFE0E /* MapView.swift */; };
		088927B92A6B3061007DFE0E /* LICENSE.md in Resources */ = {isa = PBXBuildFile; fileRef = 088927B72A6B3061007DFE0E /* LICENSE.md */; };
		088927BA2A6B3061007DFE0E /* README.md in Resources */ = {isa = PBXBuildFile; fileRef = 088927B82A6B3061007DFE0E /* README.md */; };
		088927BC2A6B306C007DFE0E /* .gitignore in Resources */ = {isa = PBXBuildFile; fileRef = 088927BB2A6B306C007DFE0E /* .gitignore */; };
/* End PBXBuildFile section */

/* Begin PBXContainerItemProxy section */
		0889278F2A6B2428007DFE0E /* PBXContainerItemProxy */ = {
			isa = PBXContainerItemProxy;
			containerPortal = 088927762A6B2427007DFE0E /* Project object */;
			proxyType = 1;
			remoteGlobalIDString = 0889277D2A6B2427007DFE0E;
			remoteInfo = LeSnacks;
		};
		088927992A6B2428007DFE0E /* PBXContainerItemProxy */ = {
			isa = PBXContainerItemProxy;
			containerPortal = 088927762A6B2427007DFE0E /* Project object */;
			proxyType = 1;
			remoteGlobalIDString = 0889277D2A6B2427007DFE0E;
			remoteInfo = LeSnacks;
		};
/* End PBXContainerItemProxy section */

/* Begin PBXFileReference section */
		0889277E2A6B2427007DFE0E /* LeSnacks.app */ = {isa = PBXFileReference; explicitFileType = wrapper.application; includeInIndex = 0; path = LeSnacks.app; sourceTree = BUILT_PRODUCTS_DIR; };
		088927812A6B2427007DFE0E /* LeSnacksApp.swift */ = {isa = PBXFileReference; lastKnownFileType = sourcecode.swift; path = LeSnacksApp.swift; sourceTree = "<group>"; };
		088927832A6B2427007DFE0E /* LoginView.swift */ = {isa = PBXFileReference; lastKnownFileType = sourcecode.swift; path = LoginView.swift; sourceTree = "<group>"; };
		088927852A6B2428007DFE0E /* Assets.xcassets */ = {isa = PBXFileReference; lastKnownFileType = folder.assetcatalog; path = Assets.xcassets; sourceTree = "<group>"; };
		088927882A6B2428007DFE0E /* Preview Assets.xcassets */ = {isa = PBXFileReference; lastKnownFileType = folder.assetcatalog; path = "Preview Assets.xcassets"; sourceTree = "<group>"; };
		0889278E2A6B2428007DFE0E /* LeSnacksTests.xctest */ = {isa = PBXFileReference; explicitFileType = wrapper.cfbundle; includeInIndex = 0; path = LeSnacksTests.xctest; sourceTree = BUILT_PRODUCTS_DIR; };
		088927922A6B2428007DFE0E /* LeSnacksTests.swift */ = {isa = PBXFileReference; lastKnownFileType = sourcecode.swift; path = LeSnacksTests.swift; sourceTree = "<group>"; };
		088927982A6B2428007DFE0E /* LeSnacksUITests.xctest */ = {isa = PBXFileReference; explicitFileType = wrapper.cfbundle; includeInIndex = 0; path = LeSnacksUITests.xctest; sourceTree = BUILT_PRODUCTS_DIR; };
		0889279C2A6B2428007DFE0E /* LeSnacksUITests.swift */ = {isa = PBXFileReference; lastKnownFileType = sourcecode.swift; path = LeSnacksUITests.swift; sourceTree = "<group>"; };
		0889279E2A6B2428007DFE0E /* LeSnacksUITestsLaunchTests.swift */ = {isa = PBXFileReference; lastKnownFileType = sourcecode.swift; path = LeSnacksUITestsLaunchTests.swift; sourceTree = "<group>"; };
		088927B02A6B2AA0007DFE0E /* LoginProviderCell.swift */ = {isa = PBXFileReference; lastKnownFileType = sourcecode.swift; path = LoginProviderCell.swift; sourceTree = "<group>"; };
		088927B22A6B2E8A007DFE0E /* ProfileView.swift */ = {isa = PBXFileReference; lastKnownFileType = sourcecode.swift; path = ProfileView.swift; sourceTree = "<group>"; };
		088927B42A6B3009007DFE0E /* MapView.swift */ = {isa = PBXFileReference; lastKnownFileType = sourcecode.swift; path = MapView.swift; sourceTree = "<group>"; };
		088927B62A6B302D007DFE0E /* Config.xcconfig */ = {isa = PBXFileReference; lastKnownFileType = text.xcconfig; path = Config.xcconfig; sourceTree = "<group>"; };
		088927B72A6B3061007DFE0E /* LICENSE.md */ = {isa = PBXFileReference; fileEncoding = 4; lastKnownFileType = net.daringfireball.markdown; path = LICENSE.md; sourceTree = "<group>"; };
		088927B82A6B3061007DFE0E /* README.md */ = {isa = PBXFileReference; fileEncoding = 4; lastKnownFileType = net.daringfireball.markdown; path = README.md; sourceTree = "<group>"; };
		088927BB2A6B306C007DFE0E /* .gitignore */ = {isa = PBXFileReference; fileEncoding = 4; lastKnownFileType = text; path = .gitignore; sourceTree = "<group>"; };
/* End PBXFileReference section */

/* Begin PBXFrameworksBuildPhase section */
		0889277B2A6B2427007DFE0E /* Frameworks */ = {
			isa = PBXFrameworksBuildPhase;
			buildActionMask = 2147483647;
			files = (
				088927AD2A6B26A6007DFE0E /* SnowballAssetKit in Frameworks */,
				088927AF2A6B26A6007DFE0E /* SnowballSwiftKit in Frameworks */,
			);
			runOnlyForDeploymentPostprocessing = 0;
		};
		0889278B2A6B2428007DFE0E /* Frameworks */ = {
			isa = PBXFrameworksBuildPhase;
			buildActionMask = 2147483647;
			files = (
			);
			runOnlyForDeploymentPostprocessing = 0;
		};
		088927952A6B2428007DFE0E /* Frameworks */ = {
			isa = PBXFrameworksBuildPhase;
			buildActionMask = 2147483647;
			files = (
			);
			runOnlyForDeploymentPostprocessing = 0;
		};
/* End PBXFrameworksBuildPhase section */

/* Begin PBXGroup section */
		088927752A6B2427007DFE0E = {
			isa = PBXGroup;
			children = (
				088927BB2A6B306C007DFE0E /* .gitignore */,
				088927B72A6B3061007DFE0E /* LICENSE.md */,
				088927B82A6B3061007DFE0E /* README.md */,
				088927802A6B2427007DFE0E /* LeSnacks */,
				088927912A6B2428007DFE0E /* LeSnacksTests */,
				0889279B2A6B2428007DFE0E /* LeSnacksUITests */,
				0889277F2A6B2427007DFE0E /* Products */,
			);
			sourceTree = "<group>";
		};
		0889277F2A6B2427007DFE0E /* Products */ = {
			isa = PBXGroup;
			children = (
				0889277E2A6B2427007DFE0E /* LeSnacks.app */,
				0889278E2A6B2428007DFE0E /* LeSnacksTests.xctest */,
				088927982A6B2428007DFE0E /* LeSnacksUITests.xctest */,
			);
			name = Products;
			sourceTree = "<group>";
		};
		088927802A6B2427007DFE0E /* LeSnacks */ = {
			isa = PBXGroup;
			children = (
				088927812A6B2427007DFE0E /* LeSnacksApp.swift */,
				088927832A6B2427007DFE0E /* LoginView.swift */,
				088927B02A6B2AA0007DFE0E /* LoginProviderCell.swift */,
				088927B22A6B2E8A007DFE0E /* ProfileView.swift */,
				088927B42A6B3009007DFE0E /* MapView.swift */,
				088927B62A6B302D007DFE0E /* Config.xcconfig */,
				088927852A6B2428007DFE0E /* Assets.xcassets */,
				088927872A6B2428007DFE0E /* Preview Content */,
			);
			path = LeSnacks;
			sourceTree = "<group>";
		};
		088927872A6B2428007DFE0E /* Preview Content */ = {
			isa = PBXGroup;
			children = (
				088927882A6B2428007DFE0E /* Preview Assets.xcassets */,
			);
			path = "Preview Content";
			sourceTree = "<group>";
		};
		088927912A6B2428007DFE0E /* LeSnacksTests */ = {
			isa = PBXGroup;
			children = (
				088927922A6B2428007DFE0E /* LeSnacksTests.swift */,
			);
			path = LeSnacksTests;
			sourceTree = "<group>";
		};
		0889279B2A6B2428007DFE0E /* LeSnacksUITests */ = {
			isa = PBXGroup;
			children = (
				0889279C2A6B2428007DFE0E /* LeSnacksUITests.swift */,
				0889279E2A6B2428007DFE0E /* LeSnacksUITestsLaunchTests.swift */,
			);
			path = LeSnacksUITests;
			sourceTree = "<group>";
		};
/* End PBXGroup section */

/* Begin PBXNativeTarget section */
		0889277D2A6B2427007DFE0E /* LeSnacks */ = {
			isa = PBXNativeTarget;
			buildConfigurationList = 088927A22A6B2428007DFE0E /* Build configuration list for PBXNativeTarget "LeSnacks" */;
			buildPhases = (
				0889277A2A6B2427007DFE0E /* Sources */,
				0889277B2A6B2427007DFE0E /* Frameworks */,
				0889277C2A6B2427007DFE0E /* Resources */,
			);
			buildRules = (
			);
			dependencies = (
			);
			name = LeSnacks;
			packageProductDependencies = (
				088927AC2A6B26A6007DFE0E /* SnowballAssetKit */,
				088927AE2A6B26A6007DFE0E /* SnowballSwiftKit */,
			);
			productName = LeSnacks;
			productReference = 0889277E2A6B2427007DFE0E /* LeSnacks.app */;
			productType = "com.apple.product-type.application";
		};
		0889278D2A6B2428007DFE0E /* LeSnacksTests */ = {
			isa = PBXNativeTarget;
			buildConfigurationList = 088927A52A6B2428007DFE0E /* Build configuration list for PBXNativeTarget "LeSnacksTests" */;
			buildPhases = (
				0889278A2A6B2428007DFE0E /* Sources */,
				0889278B2A6B2428007DFE0E /* Frameworks */,
				0889278C2A6B2428007DFE0E /* Resources */,
			);
			buildRules = (
			);
			dependencies = (
				088927902A6B2428007DFE0E /* PBXTargetDependency */,
			);
			name = LeSnacksTests;
			productName = LeSnacksTests;
			productReference = 0889278E2A6B2428007DFE0E /* LeSnacksTests.xctest */;
			productType = "com.apple.product-type.bundle.unit-test";
		};
		088927972A6B2428007DFE0E /* LeSnacksUITests */ = {
			isa = PBXNativeTarget;
			buildConfigurationList = 088927A82A6B2428007DFE0E /* Build configuration list for PBXNativeTarget "LeSnacksUITests" */;
			buildPhases = (
				088927942A6B2428007DFE0E /* Sources */,
				088927952A6B2428007DFE0E /* Frameworks */,
				088927962A6B2428007DFE0E /* Resources */,
			);
			buildRules = (
			);
			dependencies = (
				0889279A2A6B2428007DFE0E /* PBXTargetDependency */,
			);
			name = LeSnacksUITests;
			productName = LeSnacksUITests;
			productReference = 088927982A6B2428007DFE0E /* LeSnacksUITests.xctest */;
			productType = "com.apple.product-type.bundle.ui-testing";
		};
/* End PBXNativeTarget section */

/* Begin PBXProject section */
		088927762A6B2427007DFE0E /* Project object */ = {
			isa = PBXProject;
			attributes = {
				BuildIndependentTargetsInParallel = 1;
				LastSwiftUpdateCheck = 1430;
				LastUpgradeCheck = 1430;
				TargetAttributes = {
					0889277D2A6B2427007DFE0E = {
						CreatedOnToolsVersion = 14.3.1;
					};
					0889278D2A6B2428007DFE0E = {
						CreatedOnToolsVersion = 14.3.1;
						TestTargetID = 0889277D2A6B2427007DFE0E;
					};
					088927972A6B2428007DFE0E = {
						CreatedOnToolsVersion = 14.3.1;
						TestTargetID = 0889277D2A6B2427007DFE0E;
					};
				};
			};
			buildConfigurationList = 088927792A6B2427007DFE0E /* Build configuration list for PBXProject "LeSnacks" */;
			compatibilityVersion = "Xcode 14.0";
			developmentRegion = en;
			hasScannedForEncodings = 0;
			knownRegions = (
				en,
				Base,
			);
			mainGroup = 088927752A6B2427007DFE0E;
			packageReferences = (
				088927AB2A6B26A6007DFE0E /* XCRemoteSwiftPackageReference "SnowballSwiftKit" */,
			);
			productRefGroup = 0889277F2A6B2427007DFE0E /* Products */;
			projectDirPath = "";
			projectRoot = "";
			targets = (
				0889277D2A6B2427007DFE0E /* LeSnacks */,
				0889278D2A6B2428007DFE0E /* LeSnacksTests */,
				088927972A6B2428007DFE0E /* LeSnacksUITests */,
			);
		};
/* End PBXProject section */

/* Begin PBXResourcesBuildPhase section */
		0889277C2A6B2427007DFE0E /* Resources */ = {
			isa = PBXResourcesBuildPhase;
			buildActionMask = 2147483647;
			files = (
				088927BC2A6B306C007DFE0E /* .gitignore in Resources */,
				088927892A6B2428007DFE0E /* Preview Assets.xcassets in Resources */,
				088927B92A6B3061007DFE0E /* LICENSE.md in Resources */,
				088927BA2A6B3061007DFE0E /* README.md in Resources */,
				088927862A6B2428007DFE0E /* Assets.xcassets in Resources */,
			);
			runOnlyForDeploymentPostprocessing = 0;
		};
		0889278C2A6B2428007DFE0E /* Resources */ = {
			isa = PBXResourcesBuildPhase;
			buildActionMask = 2147483647;
			files = (
			);
			runOnlyForDeploymentPostprocessing = 0;
		};
		088927962A6B2428007DFE0E /* Resources */ = {
			isa = PBXResourcesBuildPhase;
			buildActionMask = 2147483647;
			files = (
			);
			runOnlyForDeploymentPostprocessing = 0;
		};
/* End PBXResourcesBuildPhase section */

/* Begin PBXSourcesBuildPhase section */
		0889277A2A6B2427007DFE0E /* Sources */ = {
			isa = PBXSourcesBuildPhase;
			buildActionMask = 2147483647;
			files = (
				088927B32A6B2E8A007DFE0E /* ProfileView.swift in Sources */,
				088927B12A6B2AA0007DFE0E /* LoginProviderCell.swift in Sources */,
				088927B52A6B3009007DFE0E /* MapView.swift in Sources */,
				088927842A6B2427007DFE0E /* LoginView.swift in Sources */,
				088927822A6B2427007DFE0E /* LeSnacksApp.swift in Sources */,
			);
			runOnlyForDeploymentPostprocessing = 0;
		};
		0889278A2A6B2428007DFE0E /* Sources */ = {
			isa = PBXSourcesBuildPhase;
			buildActionMask = 2147483647;
			files = (
				088927932A6B2428007DFE0E /* LeSnacksTests.swift in Sources */,
			);
			runOnlyForDeploymentPostprocessing = 0;
		};
		088927942A6B2428007DFE0E /* Sources */ = {
			isa = PBXSourcesBuildPhase;
			buildActionMask = 2147483647;
			files = (
				0889279F2A6B2428007DFE0E /* LeSnacksUITestsLaunchTests.swift in Sources */,
				0889279D2A6B2428007DFE0E /* LeSnacksUITests.swift in Sources */,
			);
			runOnlyForDeploymentPostprocessing = 0;
		};
/* End PBXSourcesBuildPhase section */

/* Begin PBXTargetDependency section */
		088927902A6B2428007DFE0E /* PBXTargetDependency */ = {
			isa = PBXTargetDependency;
			target = 0889277D2A6B2427007DFE0E /* LeSnacks */;
			targetProxy = 0889278F2A6B2428007DFE0E /* PBXContainerItemProxy */;
		};
		0889279A2A6B2428007DFE0E /* PBXTargetDependency */ = {
			isa = PBXTargetDependency;
			target = 0889277D2A6B2427007DFE0E /* LeSnacks */;
			targetProxy = 088927992A6B2428007DFE0E /* PBXContainerItemProxy */;
		};
/* End PBXTargetDependency section */

/* Begin XCBuildConfiguration section */
		088927A02A6B2428007DFE0E /* Debug */ = {
			isa = XCBuildConfiguration;
			buildSettings = {
				ALWAYS_SEARCH_USER_PATHS = NO;
				CLANG_ANALYZER_NONNULL = YES;
				CLANG_ANALYZER_NUMBER_OBJECT_CONVERSION = YES_AGGRESSIVE;
				CLANG_CXX_LANGUAGE_STANDARD = "gnu++20";
				CLANG_ENABLE_MODULES = YES;
				CLANG_ENABLE_OBJC_ARC = YES;
				CLANG_ENABLE_OBJC_WEAK = YES;
				CLANG_WARN_BLOCK_CAPTURE_AUTORELEASING = YES;
				CLANG_WARN_BOOL_CONVERSION = YES;
				CLANG_WARN_COMMA = YES;
				CLANG_WARN_CONSTANT_CONVERSION = YES;
				CLANG_WARN_DEPRECATED_OBJC_IMPLEMENTATIONS = YES;
				CLANG_WARN_DIRECT_OBJC_ISA_USAGE = YES_ERROR;
				CLANG_WARN_DOCUMENTATION_COMMENTS = YES;
				CLANG_WARN_EMPTY_BODY = YES;
				CLANG_WARN_ENUM_CONVERSION = YES;
				CLANG_WARN_INFINITE_RECURSION = YES;
				CLANG_WARN_INT_CONVERSION = YES;
				CLANG_WARN_NON_LITERAL_NULL_CONVERSION = YES;
				CLANG_WARN_OBJC_IMPLICIT_RETAIN_SELF = YES;
				CLANG_WARN_OBJC_LITERAL_CONVERSION = YES;
				CLANG_WARN_OBJC_ROOT_CLASS = YES_ERROR;
				CLANG_WARN_QUOTED_INCLUDE_IN_FRAMEWORK_HEADER = YES;
				CLANG_WARN_RANGE_LOOP_ANALYSIS = YES;
				CLANG_WARN_STRICT_PROTOTYPES = YES;
				CLANG_WARN_SUSPICIOUS_MOVE = YES;
				CLANG_WARN_UNGUARDED_AVAILABILITY = YES_AGGRESSIVE;
				CLANG_WARN_UNREACHABLE_CODE = YES;
				CLANG_WARN__DUPLICATE_METHOD_MATCH = YES;
				COPY_PHASE_STRIP = NO;
				DEBUG_INFORMATION_FORMAT = dwarf;
				ENABLE_STRICT_OBJC_MSGSEND = YES;
				ENABLE_TESTABILITY = YES;
				GCC_C_LANGUAGE_STANDARD = gnu11;
				GCC_DYNAMIC_NO_PIC = NO;
				GCC_NO_COMMON_BLOCKS = YES;
				GCC_OPTIMIZATION_LEVEL = 0;
				GCC_PREPROCESSOR_DEFINITIONS = (
					"DEBUG=1",
					"$(inherited)",
				);
				GCC_WARN_64_TO_32_BIT_CONVERSION = YES;
				GCC_WARN_ABOUT_RETURN_TYPE = YES_ERROR;
				GCC_WARN_UNDECLARED_SELECTOR = YES;
				GCC_WARN_UNINITIALIZED_AUTOS = YES_AGGRESSIVE;
				GCC_WARN_UNUSED_FUNCTION = YES;
				GCC_WARN_UNUSED_VARIABLE = YES;
				IPHONEOS_DEPLOYMENT_TARGET = 16.4;
				MTL_ENABLE_DEBUG_INFO = INCLUDE_SOURCE;
				MTL_FAST_MATH = YES;
				ONLY_ACTIVE_ARCH = YES;
				SDKROOT = iphoneos;
				SWIFT_ACTIVE_COMPILATION_CONDITIONS = DEBUG;
				SWIFT_OPTIMIZATION_LEVEL = "-Onone";
			};
			name = Debug;
		};
		088927A12A6B2428007DFE0E /* Release */ = {
			isa = XCBuildConfiguration;
			buildSettings = {
				ALWAYS_SEARCH_USER_PATHS = NO;
				CLANG_ANALYZER_NONNULL = YES;
				CLANG_ANALYZER_NUMBER_OBJECT_CONVERSION = YES_AGGRESSIVE;
				CLANG_CXX_LANGUAGE_STANDARD = "gnu++20";
				CLANG_ENABLE_MODULES = YES;
				CLANG_ENABLE_OBJC_ARC = YES;
				CLANG_ENABLE_OBJC_WEAK = YES;
				CLANG_WARN_BLOCK_CAPTURE_AUTORELEASING = YES;
				CLANG_WARN_BOOL_CONVERSION = YES;
				CLANG_WARN_COMMA = YES;
				CLANG_WARN_CONSTANT_CONVERSION = YES;
				CLANG_WARN_DEPRECATED_OBJC_IMPLEMENTATIONS = YES;
				CLANG_WARN_DIRECT_OBJC_ISA_USAGE = YES_ERROR;
				CLANG_WARN_DOCUMENTATION_COMMENTS = YES;
				CLANG_WARN_EMPTY_BODY = YES;
				CLANG_WARN_ENUM_CONVERSION = YES;
				CLANG_WARN_INFINITE_RECURSION = YES;
				CLANG_WARN_INT_CONVERSION = YES;
				CLANG_WARN_NON_LITERAL_NULL_CONVERSION = YES;
				CLANG_WARN_OBJC_IMPLICIT_RETAIN_SELF = YES;
				CLANG_WARN_OBJC_LITERAL_CONVERSION = YES;
				CLANG_WARN_OBJC_ROOT_CLASS = YES_ERROR;
				CLANG_WARN_QUOTED_INCLUDE_IN_FRAMEWORK_HEADER = YES;
				CLANG_WARN_RANGE_LOOP_ANALYSIS = YES;
				CLANG_WARN_STRICT_PROTOTYPES = YES;
				CLANG_WARN_SUSPICIOUS_MOVE = YES;
				CLANG_WARN_UNGUARDED_AVAILABILITY = YES_AGGRESSIVE;
				CLANG_WARN_UNREACHABLE_CODE = YES;
				CLANG_WARN__DUPLICATE_METHOD_MATCH = YES;
				COPY_PHASE_STRIP = NO;
				DEBUG_INFORMATION_FORMAT = "dwarf-with-dsym";
				ENABLE_NS_ASSERTIONS = NO;
				ENABLE_STRICT_OBJC_MSGSEND = YES;
				GCC_C_LANGUAGE_STANDARD = gnu11;
				GCC_NO_COMMON_BLOCKS = YES;
				GCC_WARN_64_TO_32_BIT_CONVERSION = YES;
				GCC_WARN_ABOUT_RETURN_TYPE = YES_ERROR;
				GCC_WARN_UNDECLARED_SELECTOR = YES;
				GCC_WARN_UNINITIALIZED_AUTOS = YES_AGGRESSIVE;
				GCC_WARN_UNUSED_FUNCTION = YES;
				GCC_WARN_UNUSED_VARIABLE = YES;
				IPHONEOS_DEPLOYMENT_TARGET = 16.4;
				MTL_ENABLE_DEBUG_INFO = NO;
				MTL_FAST_MATH = YES;
				SDKROOT = iphoneos;
				SWIFT_COMPILATION_MODE = wholemodule;
				SWIFT_OPTIMIZATION_LEVEL = "-O";
				VALIDATE_PRODUCT = YES;
			};
			name = Release;
		};
		088927A32A6B2428007DFE0E /* Debug */ = {
			isa = XCBuildConfiguration;
			buildSettings = {
				ASSETCATALOG_COMPILER_APPICON_NAME = AppIcon;
				ASSETCATALOG_COMPILER_GLOBAL_ACCENT_COLOR_NAME = AccentColor;
				CODE_SIGN_STYLE = Automatic;
				CURRENT_PROJECT_VERSION = 1;
				DEVELOPMENT_ASSET_PATHS = "\"LeSnacks/Preview Content\"";
				DEVELOPMENT_TEAM = 9SAQ42S589;
				ENABLE_PREVIEWS = YES;
				GENERATE_INFOPLIST_FILE = YES;
				INFOPLIST_KEY_UIApplicationSceneManifest_Generation = YES;
				INFOPLIST_KEY_UIApplicationSupportsIndirectInputEvents = YES;
				INFOPLIST_KEY_UILaunchScreen_Generation = YES;
				INFOPLIST_KEY_UISupportedInterfaceOrientations_iPad = "UIInterfaceOrientationPortrait UIInterfaceOrientationPortraitUpsideDown UIInterfaceOrientationLandscapeLeft UIInterfaceOrientationLandscapeRight";
				INFOPLIST_KEY_UISupportedInterfaceOrientations_iPhone = "UIInterfaceOrientationPortrait UIInterfaceOrientationLandscapeLeft UIInterfaceOrientationLandscapeRight";
				LD_RUNPATH_SEARCH_PATHS = (
					"$(inherited)",
					"@executable_path/Frameworks",
				);
				MARKETING_VERSION = 1.0;
				PRODUCT_BUNDLE_IDENTIFIER = xyz.parisbeepboop.LeSnacks;
				PRODUCT_NAME = "$(TARGET_NAME)";
				SWIFT_EMIT_LOC_STRINGS = YES;
				SWIFT_VERSION = 5.0;
				TARGETED_DEVICE_FAMILY = "1,2";
			};
			name = Debug;
		};
		088927A42A6B2428007DFE0E /* Release */ = {
			isa = XCBuildConfiguration;
			buildSettings = {
				ASSETCATALOG_COMPILER_APPICON_NAME = AppIcon;
				ASSETCATALOG_COMPILER_GLOBAL_ACCENT_COLOR_NAME = AccentColor;
				CODE_SIGN_STYLE = Automatic;
				CURRENT_PROJECT_VERSION = 1;
				DEVELOPMENT_ASSET_PATHS = "\"LeSnacks/Preview Content\"";
				DEVELOPMENT_TEAM = 9SAQ42S589;
				ENABLE_PREVIEWS = YES;
				GENERATE_INFOPLIST_FILE = YES;
				INFOPLIST_KEY_UIApplicationSceneManifest_Generation = YES;
				INFOPLIST_KEY_UIApplicationSupportsIndirectInputEvents = YES;
				INFOPLIST_KEY_UILaunchScreen_Generation = YES;
				INFOPLIST_KEY_UISupportedInterfaceOrientations_iPad = "UIInterfaceOrientationPortrait UIInterfaceOrientationPortraitUpsideDown UIInterfaceOrientationLandscapeLeft UIInterfaceOrientationLandscapeRight";
				INFOPLIST_KEY_UISupportedInterfaceOrientations_iPhone = "UIInterfaceOrientationPortrait UIInterfaceOrientationLandscapeLeft UIInterfaceOrientationLandscapeRight";
				LD_RUNPATH_SEARCH_PATHS = (
					"$(inherited)",
					"@executable_path/Frameworks",
				);
				MARKETING_VERSION = 1.0;
				PRODUCT_BUNDLE_IDENTIFIER = xyz.parisbeepboop.LeSnacks;
				PRODUCT_NAME = "$(TARGET_NAME)";
				SWIFT_EMIT_LOC_STRINGS = YES;
				SWIFT_VERSION = 5.0;
				TARGETED_DEVICE_FAMILY = "1,2";
			};
			name = Release;
		};
		088927A62A6B2428007DFE0E /* Debug */ = {
			isa = XCBuildConfiguration;
			buildSettings = {
				ALWAYS_EMBED_SWIFT_STANDARD_LIBRARIES = YES;
				BUNDLE_LOADER = "$(TEST_HOST)";
				CODE_SIGN_STYLE = Automatic;
				CURRENT_PROJECT_VERSION = 1;
				DEVELOPMENT_TEAM = 9SAQ42S589;
				GENERATE_INFOPLIST_FILE = YES;
				IPHONEOS_DEPLOYMENT_TARGET = 16.4;
				MARKETING_VERSION = 1.0;
				PRODUCT_BUNDLE_IDENTIFIER = xyz.parisbeepboop.LeSnacksTests;
				PRODUCT_NAME = "$(TARGET_NAME)";
				SWIFT_EMIT_LOC_STRINGS = NO;
				SWIFT_VERSION = 5.0;
				TARGETED_DEVICE_FAMILY = "1,2";
				TEST_HOST = "$(BUILT_PRODUCTS_DIR)/LeSnacks.app/$(BUNDLE_EXECUTABLE_FOLDER_PATH)/LeSnacks";
			};
			name = Debug;
		};
		088927A72A6B2428007DFE0E /* Release */ = {
			isa = XCBuildConfiguration;
			buildSettings = {
				ALWAYS_EMBED_SWIFT_STANDARD_LIBRARIES = YES;
				BUNDLE_LOADER = "$(TEST_HOST)";
				CODE_SIGN_STYLE = Automatic;
				CURRENT_PROJECT_VERSION = 1;
				DEVELOPMENT_TEAM = 9SAQ42S589;
				GENERATE_INFOPLIST_FILE = YES;
				IPHONEOS_DEPLOYMENT_TARGET = 16.4;
				MARKETING_VERSION = 1.0;
				PRODUCT_BUNDLE_IDENTIFIER = xyz.parisbeepboop.LeSnacksTests;
				PRODUCT_NAME = "$(TARGET_NAME)";
				SWIFT_EMIT_LOC_STRINGS = NO;
				SWIFT_VERSION = 5.0;
				TARGETED_DEVICE_FAMILY = "1,2";
				TEST_HOST = "$(BUILT_PRODUCTS_DIR)/LeSnacks.app/$(BUNDLE_EXECUTABLE_FOLDER_PATH)/LeSnacks";
			};
			name = Release;
		};
		088927A92A6B2428007DFE0E /* Debug */ = {
			isa = XCBuildConfiguration;
			buildSettings = {
				ALWAYS_EMBED_SWIFT_STANDARD_LIBRARIES = YES;
				CODE_SIGN_STYLE = Automatic;
				CURRENT_PROJECT_VERSION = 1;
				DEVELOPMENT_TEAM = 9SAQ42S589;
				GENERATE_INFOPLIST_FILE = YES;
				MARKETING_VERSION = 1.0;
				PRODUCT_BUNDLE_IDENTIFIER = xyz.parisbeepboop.LeSnacksUITests;
				PRODUCT_NAME = "$(TARGET_NAME)";
				SWIFT_EMIT_LOC_STRINGS = NO;
				SWIFT_VERSION = 5.0;
				TARGETED_DEVICE_FAMILY = "1,2";
				TEST_TARGET_NAME = LeSnacks;
			};
			name = Debug;
		};
		088927AA2A6B2428007DFE0E /* Release */ = {
			isa = XCBuildConfiguration;
			buildSettings = {
				ALWAYS_EMBED_SWIFT_STANDARD_LIBRARIES = YES;
				CODE_SIGN_STYLE = Automatic;
				CURRENT_PROJECT_VERSION = 1;
				DEVELOPMENT_TEAM = 9SAQ42S589;
				GENERATE_INFOPLIST_FILE = YES;
				MARKETING_VERSION = 1.0;
				PRODUCT_BUNDLE_IDENTIFIER = xyz.parisbeepboop.LeSnacksUITests;
				PRODUCT_NAME = "$(TARGET_NAME)";
				SWIFT_EMIT_LOC_STRINGS = NO;
				SWIFT_VERSION = 5.0;
				TARGETED_DEVICE_FAMILY = "1,2";
				TEST_TARGET_NAME = LeSnacks;
			};
			name = Release;
		};
/* End XCBuildConfiguration section */

/* Begin XCConfigurationList section */
		088927792A6B2427007DFE0E /* Build configuration list for PBXProject "LeSnacks" */ = {
			isa = XCConfigurationList;
			buildConfigurations = (
				088927A02A6B2428007DFE0E /* Debug */,
				088927A12A6B2428007DFE0E /* Release */,
			);
			defaultConfigurationIsVisible = 0;
			defaultConfigurationName = Release;
		};
		088927A22A6B2428007DFE0E /* Build configuration list for PBXNativeTarget "LeSnacks" */ = {
			isa = XCConfigurationList;
			buildConfigurations = (
				088927A32A6B2428007DFE0E /* Debug */,
				088927A42A6B2428007DFE0E /* Release */,
			);
			defaultConfigurationIsVisible = 0;
			defaultConfigurationName = Release;
		};
		088927A52A6B2428007DFE0E /* Build configuration list for PBXNativeTarget "LeSnacksTests" */ = {
			isa = XCConfigurationList;
			buildConfigurations = (
				088927A62A6B2428007DFE0E /* Debug */,
				088927A72A6B2428007DFE0E /* Release */,
			);
			defaultConfigurationIsVisible = 0;
			defaultConfigurationName = Release;
		};
		088927A82A6B2428007DFE0E /* Build configuration list for PBXNativeTarget "LeSnacksUITests" */ = {
			isa = XCConfigurationList;
			buildConfigurations = (
				088927A92A6B2428007DFE0E /* Debug */,
				088927AA2A6B2428007DFE0E /* Release */,
			);
			defaultConfigurationIsVisible = 0;
			defaultConfigurationName = Release;
		};
/* End XCConfigurationList section */

/* Begin XCRemoteSwiftPackageReference section */
		088927AB2A6B26A6007DFE0E /* XCRemoteSwiftPackageReference "SnowballSwiftKit" */ = {
			isa = XCRemoteSwiftPackageReference;
			repositoryURL = "https://github.com/snowball-tools/SnowballSwiftKit.git";
			requirement = {
				kind = upToNextMinorVersion;
				minimumVersion = 0.0.6;
			};
		};
/* End XCRemoteSwiftPackageReference section */

/* Begin XCSwiftPackageProductDependency section */
		088927AC2A6B26A6007DFE0E /* SnowballAssetKit */ = {
			isa = XCSwiftPackageProductDependency;
			package = 088927AB2A6B26A6007DFE0E /* XCRemoteSwiftPackageReference "SnowballSwiftKit" */;
			productName = SnowballAssetKit;
		};
		088927AE2A6B26A6007DFE0E /* SnowballSwiftKit */ = {
			isa = XCSwiftPackageProductDependency;
			package = 088927AB2A6B26A6007DFE0E /* XCRemoteSwiftPackageReference "SnowballSwiftKit" */;
			productName = SnowballSwiftKit;
		};
/* End XCSwiftPackageProductDependency section */
	};
	rootObject = 088927762A6B2427007DFE0E /* Project object */;
}
