// !$*UTF8*$!
{
	archiveVersion = 1;
	classes = {
	};
	objectVersion = 56;
	objects = {

/* Begin PBXBuildFile section */
		088927822A6B2427007DFE0E /* LeSnacksApp.swift in Sources */ = {isa = PBXBuildFile; fileRef = 088927812A6B2427007DFE0E /* LeSnacksApp.swift */; };
		088927842A6B2427007DFE0E /* LoginView.swift in Sources */ = {isa = PBXBuildFile; fileRef = 088927832A6B2427007DFE0E /* LoginView.swift */; };
		088927862A6B2428007DFE0E /* Assets.xcassets in Resources */ = {isa = PBXBuildFile; fileRef = 088927852A6B2428007DFE0E /* Assets.xcassets */; };
		088927892A6B2428007DFE0E /* Preview Assets.xcassets in Resources */ = {isa = PBXBuildFile; fileRef = 088927882A6B2428007DFE0E /* Preview Assets.xcassets */; };
		088927932A6B2428007DFE0E /* LeSnacksTests.swift in Sources */ = {isa = PBXBuildFile; fileRef = 088927922A6B2428007DFE0E /* LeSnacksTests.swift */; };
		0889279D2A6B2428007DFE0E /* LeSnacksUITests.swift in Sources */ = {isa = PBXBuildFile; fileRef = 0889279C2A6B2428007DFE0E /* LeSnacksUITests.swift */; };
		0889279F2A6B2428007DFE0E /* LeSnacksUITestsLaunchTests.swift in Sources */ = {isa = PBXBuildFile; fileRef = 0889279E2A6B2428007DFE0E /* LeSnacksUITestsLaunchTests.swift */; };
		088927AD2A6B26A6007DFE0E /* SnowballAssetKit in Frameworks */ = {isa = PBXBuildFile; productRef = 088927AC2A6B26A6007DFE0E /* SnowballAssetKit */; };
		088927AF2A6B26A6007DFE0E /* SnowballSwiftKit in Frameworks */ = {isa = PBXBuildFile; productRef = 088927AE2A6B26A6007DFE0E /* SnowballSwiftKit */; };
		088927B12A6B2AA0007DFE0E /* LoginProviderCell.swift in Sources */ = {isa = PBXBuildFile; fileRef = 088927B02A6B2AA0007DFE0E /* LoginProviderCell.swift */; };
		088927B32A6B2E8A007DFE0E /* ProfileView.swift in Sources */ = {isa = PBXBuildFile; fileRef = 088927B22A6B2E8A007DFE0E /* ProfileView.swift */; };
		088927B52A6B3009007DFE0E /* MapView.swift in Sources */ = {isa = PBXBuildFile; fileRef = 088927B42A6B3009007DFE0E /* MapView.swift */; };
		088927B92A6B3061007DFE0E /* LICENSE.md in Resources */ = {isa = PBXBuildFile; fileRef = 088927B72A6B3061007DFE0E /* LICENSE.md */; };
		088927BA2A6B3061007DFE0E /* README.md in Resources */ = {isa = PBXBuildFile; fileRef = 088927B82A6B3061007DFE0E /* README.md */; };
		088927BC2A6B306C007DFE0E /* .gitignore in Resources */ = {isa = PBXBuildFile; fileRef = 088927BB2A6B306C007DFE0E /* .gitignore */; };
		088927BF2A6B31AF007DFE0E /* LoginProviders.swift in Sources */ = {isa = PBXBuildFile; fileRef = 088927BE2A6B31AF007DFE0E /* LoginProviders.swift */; };
		088927C42A6B33E6007DFE0E /* ChatListView.swift in Sources */ = {isa = PBXBuildFile; fileRef = 088927C32A6B33E6007DFE0E /* ChatListView.swift */; };
		088927C62A6B33EF007DFE0E /* ChatView.swift in Sources */ = {isa = PBXBuildFile; fileRef = 088927C52A6B33EF007DFE0E /* ChatView.swift */; };
		088927C82A6B3BDA007DFE0E /* RepConnectView.swift in Sources */ = {isa = PBXBuildFile; fileRef = 088927C72A6B3BDA007DFE0E /* RepConnectView.swift */; };
		088927CB2A6B3D35007DFE0E /* Restaurant.swift in Sources */ = {isa = PBXBuildFile; fileRef = 088927CA2A6B3D35007DFE0E /* Restaurant.swift */; };
		088927CD2A6B3D78007DFE0E /* APIManager.swift in Sources */ = {isa = PBXBuildFile; fileRef = 088927CC2A6B3D78007DFE0E /* APIManager.swift */; };
		088927D02A6B3DD6007DFE0E /* RestaurantViewModel.swift in Sources */ = {isa = PBXBuildFile; fileRef = 088927CF2A6B3DD6007DFE0E /* RestaurantViewModel.swift */; };
		088928002A6B52A9007DFE0E /* WalletConnect in Frameworks */ = {isa = PBXBuildFile; productRef = 088927FF2A6B52A9007DFE0E /* WalletConnect */; };
		088928022A6B52A9007DFE0E /* WalletConnectAuth in Frameworks */ = {isa = PBXBuildFile; productRef = 088928012A6B52A9007DFE0E /* WalletConnectAuth */; };
		088928042A6B52A9007DFE0E /* WalletConnectChat in Frameworks */ = {isa = PBXBuildFile; productRef = 088928032A6B52A9007DFE0E /* WalletConnectChat */; };
		088928062A6B52A9007DFE0E /* WalletConnectEcho in Frameworks */ = {isa = PBXBuildFile; productRef = 088928052A6B52A9007DFE0E /* WalletConnectEcho */; };
		088928082A6B52A9007DFE0E /* WalletConnectHistory in Frameworks */ = {isa = PBXBuildFile; productRef = 088928072A6B52A9007DFE0E /* WalletConnectHistory */; };
		0889280A2A6B52A9007DFE0E /* WalletConnectModal in Frameworks */ = {isa = PBXBuildFile; productRef = 088928092A6B52A9007DFE0E /* WalletConnectModal */; };
		0889280C2A6B52A9007DFE0E /* WalletConnectNetworking in Frameworks */ = {isa = PBXBuildFile; productRef = 0889280B2A6B52A9007DFE0E /* WalletConnectNetworking */; };
		0889280E2A6B52A9007DFE0E /* WalletConnectPairing in Frameworks */ = {isa = PBXBuildFile; productRef = 0889280D2A6B52A9007DFE0E /* WalletConnectPairing */; };
		088928102A6B52A9007DFE0E /* WalletConnectPush in Frameworks */ = {isa = PBXBuildFile; productRef = 0889280F2A6B52A9007DFE0E /* WalletConnectPush */; };
		088928122A6B52A9007DFE0E /* WalletConnectRouter in Frameworks */ = {isa = PBXBuildFile; productRef = 088928112A6B52A9007DFE0E /* WalletConnectRouter */; };
		088928142A6B52A9007DFE0E /* WalletConnectSync in Frameworks */ = {isa = PBXBuildFile; productRef = 088928132A6B52A9007DFE0E /* WalletConnectSync */; };
		088928162A6B52A9007DFE0E /* WalletConnectVerify in Frameworks */ = {isa = PBXBuildFile; productRef = 088928152A6B52A9007DFE0E /* WalletConnectVerify */; };
		088928182A6B52A9007DFE0E /* Web3Inbox in Frameworks */ = {isa = PBXBuildFile; productRef = 088928172A6B52A9007DFE0E /* Web3Inbox */; };
		0889281A2A6B52A9007DFE0E /* Web3Wallet in Frameworks */ = {isa = PBXBuildFile; productRef = 088928192A6B52A9007DFE0E /* Web3Wallet */; };
		0889281C2A6B5359007DFE0E /* Configuration.swift in Sources */ = {isa = PBXBuildFile; fileRef = 0889281B2A6B5359007DFE0E /* Configuration.swift */; };
		088928202A6B5530007DFE0E /* Starscream in Frameworks */ = {isa = PBXBuildFile; productRef = 0889281F2A6B5530007DFE0E /* Starscream */; };
		088928232A6B55FB007DFE0E /* Web3 in Frameworks */ = {isa = PBXBuildFile; productRef = 088928222A6B55FB007DFE0E /* Web3 */; };
		0889282A2A6B5B15007DFE0E /* HDWalletKit in Frameworks */ = {isa = PBXBuildFile; productRef = 088928292A6B5B15007DFE0E /* HDWalletKit */; };
		0889282F2A6B5C5E007DFE0E /* WalletConnectAuthView.swift in Sources */ = {isa = PBXBuildFile; fileRef = 0889282E2A6B5C5E007DFE0E /* WalletConnectAuthView.swift */; };
		088928312A6B5C70007DFE0E /* WalletConnectAuthViewModel.swift in Sources */ = {isa = PBXBuildFile; fileRef = 088928302A6B5C70007DFE0E /* WalletConnectAuthViewModel.swift */; };
		088928332A6B5D55007DFE0E /* WalletConnectQRCodeGenerator.swift in Sources */ = {isa = PBXBuildFile; fileRef = 088928322A6B5D55007DFE0E /* WalletConnectQRCodeGenerator.swift */; };
		08BD2C492A6B61440024A874 /* .swiftlint.yml in Resources */ = {isa = PBXBuildFile; fileRef = 08BD2C482A6B61440024A874 /* .swiftlint.yml */; };
		08BD2C4B2A6B62630024A874 /* WalletConnectDefaultCryptoProvider.swift in Sources */ = {isa = PBXBuildFile; fileRef = 08BD2C4A2A6B62630024A874 /* WalletConnectDefaultCryptoProvider.swift */; };
		08BD2C4D2A6B628C0024A874 /* WalletConnectDefaultSocketFactory.swift in Sources */ = {isa = PBXBuildFile; fileRef = 08BD2C4C2A6B628C0024A874 /* WalletConnectDefaultSocketFactory.swift */; };
		08BD2C552A6B79340024A874 /* AppDelegate.swift in Sources */ = {isa = PBXBuildFile; fileRef = 08BD2C542A6B79340024A874 /* AppDelegate.swift */; };
		08BD2C572A6B79C40024A874 /* SceneDelegate.swift in Sources */ = {isa = PBXBuildFile; fileRef = 08BD2C562A6B79C40024A874 /* SceneDelegate.swift */; };
/* End PBXBuildFile section */

/* Begin PBXContainerItemProxy section */
		0889278F2A6B2428007DFE0E /* PBXContainerItemProxy */ = {
			isa = PBXContainerItemProxy;
			containerPortal = 088927762A6B2427007DFE0E /* Project object */;
			proxyType = 1;
			remoteGlobalIDString = 0889277D2A6B2427007DFE0E;
			remoteInfo = LeSnacks;
		};
		088927992A6B2428007DFE0E /* PBXContainerItemProxy */ = {
			isa = PBXContainerItemProxy;
			containerPortal = 088927762A6B2427007DFE0E /* Project object */;
			proxyType = 1;
			remoteGlobalIDString = 0889277D2A6B2427007DFE0E;
			remoteInfo = LeSnacks;
		};
/* End PBXContainerItemProxy section */

/* Begin PBXFileReference section */
		0889277E2A6B2427007DFE0E /* LeSnacks.app */ = {isa = PBXFileReference; explicitFileType = wrapper.application; includeInIndex = 0; path = LeSnacks.app; sourceTree = BUILT_PRODUCTS_DIR; };
		088927812A6B2427007DFE0E /* LeSnacksApp.swift */ = {isa = PBXFileReference; lastKnownFileType = sourcecode.swift; path = LeSnacksApp.swift; sourceTree = "<group>"; };
		088927832A6B2427007DFE0E /* LoginView.swift */ = {isa = PBXFileReference; lastKnownFileType = sourcecode.swift; path = LoginView.swift; sourceTree = "<group>"; };
		088927852A6B2428007DFE0E /* Assets.xcassets */ = {isa = PBXFileReference; lastKnownFileType = folder.assetcatalog; path = Assets.xcassets; sourceTree = "<group>"; };
		088927882A6B2428007DFE0E /* Preview Assets.xcassets */ = {isa = PBXFileReference; lastKnownFileType = folder.assetcatalog; path = "Preview Assets.xcassets"; sourceTree = "<group>"; };
		0889278E2A6B2428007DFE0E /* LeSnacksTests.xctest */ = {isa = PBXFileReference; explicitFileType = wrapper.cfbundle; includeInIndex = 0; path = LeSnacksTests.xctest; sourceTree = BUILT_PRODUCTS_DIR; };
		088927922A6B2428007DFE0E /* LeSnacksTests.swift */ = {isa = PBXFileReference; lastKnownFileType = sourcecode.swift; path = LeSnacksTests.swift; sourceTree = "<group>"; };
		088927982A6B2428007DFE0E /* LeSnacksUITests.xctest */ = {isa = PBXFileReference; explicitFileType = wrapper.cfbundle; includeInIndex = 0; path = LeSnacksUITests.xctest; sourceTree = BUILT_PRODUCTS_DIR; };
		0889279C2A6B2428007DFE0E /* LeSnacksUITests.swift */ = {isa = PBXFileReference; lastKnownFileType = sourcecode.swift; path = LeSnacksUITests.swift; sourceTree = "<group>"; };
		0889279E2A6B2428007DFE0E /* LeSnacksUITestsLaunchTests.swift */ = {isa = PBXFileReference; lastKnownFileType = sourcecode.swift; path = LeSnacksUITestsLaunchTests.swift; sourceTree = "<group>"; };
		088927B02A6B2AA0007DFE0E /* LoginProviderCell.swift */ = {isa = PBXFileReference; lastKnownFileType = sourcecode.swift; path = LoginProviderCell.swift; sourceTree = "<group>"; };
		088927B22A6B2E8A007DFE0E /* ProfileView.swift */ = {isa = PBXFileReference; lastKnownFileType = sourcecode.swift; path = ProfileView.swift; sourceTree = "<group>"; };
		088927B42A6B3009007DFE0E /* MapView.swift */ = {isa = PBXFileReference; lastKnownFileType = sourcecode.swift; path = MapView.swift; sourceTree = "<group>"; };
		088927B62A6B302D007DFE0E /* Config.xcconfig */ = {isa = PBXFileReference; lastKnownFileType = text.xcconfig; path = Config.xcconfig; sourceTree = "<group>"; };
		088927B72A6B3061007DFE0E /* LICENSE.md */ = {isa = PBXFileReference; fileEncoding = 4; lastKnownFileType = net.daringfireball.markdown; path = LICENSE.md; sourceTree = "<group>"; };
		088927B82A6B3061007DFE0E /* README.md */ = {isa = PBXFileReference; fileEncoding = 4; lastKnownFileType = net.daringfireball.markdown; path = README.md; sourceTree = "<group>"; };
		088927BB2A6B306C007DFE0E /* .gitignore */ = {isa = PBXFileReference; fileEncoding = 4; lastKnownFileType = text; path = .gitignore; sourceTree = "<group>"; };
		088927BE2A6B31AF007DFE0E /* LoginProviders.swift */ = {isa = PBXFileReference; lastKnownFileType = sourcecode.swift; path = LoginProviders.swift; sourceTree = "<group>"; };
		088927C32A6B33E6007DFE0E /* ChatListView.swift */ = {isa = PBXFileReference; lastKnownFileType = sourcecode.swift; path = ChatListView.swift; sourceTree = "<group>"; };
		088927C52A6B33EF007DFE0E /* ChatView.swift */ = {isa = PBXFileReference; lastKnownFileType = sourcecode.swift; path = ChatView.swift; sourceTree = "<group>"; };
		088927C72A6B3BDA007DFE0E /* RepConnectView.swift */ = {isa = PBXFileReference; lastKnownFileType = sourcecode.swift; path = RepConnectView.swift; sourceTree = "<group>"; };
		088927CA2A6B3D35007DFE0E /* Restaurant.swift */ = {isa = PBXFileReference; lastKnownFileType = sourcecode.swift; path = Restaurant.swift; sourceTree = "<group>"; };
		088927CC2A6B3D78007DFE0E /* APIManager.swift */ = {isa = PBXFileReference; lastKnownFileType = sourcecode.swift; path = APIManager.swift; sourceTree = "<group>"; };
		088927CF2A6B3DD6007DFE0E /* RestaurantViewModel.swift */ = {isa = PBXFileReference; lastKnownFileType = sourcecode.swift; path = RestaurantViewModel.swift; sourceTree = "<group>"; };
		0889281B2A6B5359007DFE0E /* Configuration.swift */ = {isa = PBXFileReference; lastKnownFileType = sourcecode.swift; path = Configuration.swift; sourceTree = "<group>"; };
		0889281D2A6B53B2007DFE0E /* Info.plist */ = {isa = PBXFileReference; lastKnownFileType = text.plist; path = Info.plist; sourceTree = "<group>"; };
		0889282E2A6B5C5E007DFE0E /* WalletConnectAuthView.swift */ = {isa = PBXFileReference; lastKnownFileType = sourcecode.swift; path = WalletConnectAuthView.swift; sourceTree = "<group>"; };
		088928302A6B5C70007DFE0E /* WalletConnectAuthViewModel.swift */ = {isa = PBXFileReference; lastKnownFileType = sourcecode.swift; path = WalletConnectAuthViewModel.swift; sourceTree = "<group>"; };
		088928322A6B5D55007DFE0E /* WalletConnectQRCodeGenerator.swift */ = {isa = PBXFileReference; lastKnownFileType = sourcecode.swift; path = WalletConnectQRCodeGenerator.swift; sourceTree = "<group>"; };
		08BD2C482A6B61440024A874 /* .swiftlint.yml */ = {isa = PBXFileReference; fileEncoding = 4; lastKnownFileType = text.yaml; path = .swiftlint.yml; sourceTree = SOURCE_ROOT; };
		08BD2C4A2A6B62630024A874 /* WalletConnectDefaultCryptoProvider.swift */ = {isa = PBXFileReference; lastKnownFileType = sourcecode.swift; path = WalletConnectDefaultCryptoProvider.swift; sourceTree = "<group>"; };
		08BD2C4C2A6B628C0024A874 /* WalletConnectDefaultSocketFactory.swift */ = {isa = PBXFileReference; lastKnownFileType = sourcecode.swift; path = WalletConnectDefaultSocketFactory.swift; sourceTree = "<group>"; };
		08BD2C532A6B780F0024A874 /* LeSnacks.entitlements */ = {isa = PBXFileReference; lastKnownFileType = text.plist.entitlements; path = LeSnacks.entitlements; sourceTree = "<group>"; };
		08BD2C542A6B79340024A874 /* AppDelegate.swift */ = {isa = PBXFileReference; lastKnownFileType = sourcecode.swift; path = AppDelegate.swift; sourceTree = "<group>"; };
		08BD2C562A6B79C40024A874 /* SceneDelegate.swift */ = {isa = PBXFileReference; lastKnownFileType = sourcecode.swift; path = SceneDelegate.swift; sourceTree = "<group>"; };
/* End PBXFileReference section */

/* Begin PBXFrameworksBuildPhase section */
		0889277B2A6B2427007DFE0E /* Frameworks */ = {
			isa = PBXFrameworksBuildPhase;
			buildActionMask = 2147483647;
			files = (
				088927AD2A6B26A6007DFE0E /* SnowballAssetKit in Frameworks */,
				088927AF2A6B26A6007DFE0E /* SnowballSwiftKit in Frameworks */,
				0889282A2A6B5B15007DFE0E /* HDWalletKit in Frameworks */,
				088928102A6B52A9007DFE0E /* WalletConnectPush in Frameworks */,
				088928182A6B52A9007DFE0E /* Web3Inbox in Frameworks */,
				0889281A2A6B52A9007DFE0E /* Web3Wallet in Frameworks */,
				0889280A2A6B52A9007DFE0E /* WalletConnectModal in Frameworks */,
				088928042A6B52A9007DFE0E /* WalletConnectChat in Frameworks */,
				088928082A6B52A9007DFE0E /* WalletConnectHistory in Frameworks */,
				088928022A6B52A9007DFE0E /* WalletConnectAuth in Frameworks */,
				088928232A6B55FB007DFE0E /* Web3 in Frameworks */,
				088928142A6B52A9007DFE0E /* WalletConnectSync in Frameworks */,
				088928122A6B52A9007DFE0E /* WalletConnectRouter in Frameworks */,
				088928002A6B52A9007DFE0E /* WalletConnect in Frameworks */,
				088928062A6B52A9007DFE0E /* WalletConnectEcho in Frameworks */,
				088928162A6B52A9007DFE0E /* WalletConnectVerify in Frameworks */,
				0889280C2A6B52A9007DFE0E /* WalletConnectNetworking in Frameworks */,
				0889280E2A6B52A9007DFE0E /* WalletConnectPairing in Frameworks */,
				088928202A6B5530007DFE0E /* Starscream in Frameworks */,
			);
			runOnlyForDeploymentPostprocessing = 0;
		};
		0889278B2A6B2428007DFE0E /* Frameworks */ = {
			isa = PBXFrameworksBuildPhase;
			buildActionMask = 2147483647;
			files = (
			);
			runOnlyForDeploymentPostprocessing = 0;
		};
		088927952A6B2428007DFE0E /* Frameworks */ = {
			isa = PBXFrameworksBuildPhase;
			buildActionMask = 2147483647;
			files = (
			);
			runOnlyForDeploymentPostprocessing = 0;
		};
/* End PBXFrameworksBuildPhase section */

/* Begin PBXGroup section */
		088927752A6B2427007DFE0E = {
			isa = PBXGroup;
			children = (
				088927802A6B2427007DFE0E /* LeSnacks */,
				088927912A6B2428007DFE0E /* LeSnacksTests */,
				0889279B2A6B2428007DFE0E /* LeSnacksUITests */,
				0889277F2A6B2427007DFE0E /* Products */,
				088928272A6B56DF007DFE0E /* Frameworks */,
			);
			sourceTree = "<group>";
		};
		0889277F2A6B2427007DFE0E /* Products */ = {
			isa = PBXGroup;
			children = (
				0889277E2A6B2427007DFE0E /* LeSnacks.app */,
				0889278E2A6B2428007DFE0E /* LeSnacksTests.xctest */,
				088927982A6B2428007DFE0E /* LeSnacksUITests.xctest */,
			);
			name = Products;
			sourceTree = "<group>";
		};
		088927802A6B2427007DFE0E /* LeSnacks */ = {
			isa = PBXGroup;
			children = (
				08BD2C532A6B780F0024A874 /* LeSnacks.entitlements */,
				088927812A6B2427007DFE0E /* LeSnacksApp.swift */,
				08BD2C542A6B79340024A874 /* AppDelegate.swift */,
				08BD2C562A6B79C40024A874 /* SceneDelegate.swift */,
				088927CE2A6B3DB3007DFE0E /* View Models */,
				088927C92A6B3D18007DFE0E /* Models */,
				088927C02A6B320F007DFE0E /* View */,
				0889282B2A6B5C33007DFE0E /* Wallet Connect */,
				088927BD2A6B3188007DFE0E /* Helpers */,
				088927852A6B2428007DFE0E /* Assets.xcassets */,
				088927BB2A6B306C007DFE0E /* .gitignore */,
				088927B72A6B3061007DFE0E /* LICENSE.md */,
				0889281D2A6B53B2007DFE0E /* Info.plist */,
				088927B82A6B3061007DFE0E /* README.md */,
				08BD2C482A6B61440024A874 /* .swiftlint.yml */,
				088927B62A6B302D007DFE0E /* Config.xcconfig */,
				088927872A6B2428007DFE0E /* Preview Content */,
			);
			path = LeSnacks;
			sourceTree = "<group>";
		};
		088927872A6B2428007DFE0E /* Preview Content */ = {
			isa = PBXGroup;
			children = (
				088927882A6B2428007DFE0E /* Preview Assets.xcassets */,
			);
			path = "Preview Content";
			sourceTree = "<group>";
		};
		088927912A6B2428007DFE0E /* LeSnacksTests */ = {
			isa = PBXGroup;
			children = (
				088927922A6B2428007DFE0E /* LeSnacksTests.swift */,
			);
			path = LeSnacksTests;
			sourceTree = "<group>";
		};
		0889279B2A6B2428007DFE0E /* LeSnacksUITests */ = {
			isa = PBXGroup;
			children = (
				0889279C2A6B2428007DFE0E /* LeSnacksUITests.swift */,
				0889279E2A6B2428007DFE0E /* LeSnacksUITestsLaunchTests.swift */,
			);
			path = LeSnacksUITests;
			sourceTree = "<group>";
		};
		088927BD2A6B3188007DFE0E /* Helpers */ = {
			isa = PBXGroup;
			children = (
				088927BE2A6B31AF007DFE0E /* LoginProviders.swift */,
				0889281B2A6B5359007DFE0E /* Configuration.swift */,
				088927CC2A6B3D78007DFE0E /* APIManager.swift */,
			);
			path = Helpers;
			sourceTree = "<group>";
		};
		088927C02A6B320F007DFE0E /* View */ = {
			isa = PBXGroup;
			children = (
				088927832A6B2427007DFE0E /* LoginView.swift */,
				088927B02A6B2AA0007DFE0E /* LoginProviderCell.swift */,
				088927C72A6B3BDA007DFE0E /* RepConnectView.swift */,
				088927B42A6B3009007DFE0E /* MapView.swift */,
				088927B22A6B2E8A007DFE0E /* ProfileView.swift */,
				088927C32A6B33E6007DFE0E /* ChatListView.swift */,
				088927C52A6B33EF007DFE0E /* ChatView.swift */,
			);
			path = View;
			sourceTree = "<group>";
		};
		088927C92A6B3D18007DFE0E /* Models */ = {
			isa = PBXGroup;
			children = (
				088927CA2A6B3D35007DFE0E /* Restaurant.swift */,
			);
			path = Models;
			sourceTree = "<group>";
		};
		088927CE2A6B3DB3007DFE0E /* View Models */ = {
			isa = PBXGroup;
			children = (
				088927CF2A6B3DD6007DFE0E /* RestaurantViewModel.swift */,
			);
			path = "View Models";
			sourceTree = "<group>";
		};
		088928272A6B56DF007DFE0E /* Frameworks */ = {
			isa = PBXGroup;
			children = (
			);
			name = Frameworks;
			sourceTree = "<group>";
		};
		0889282B2A6B5C33007DFE0E /* Wallet Connect */ = {
			isa = PBXGroup;
			children = (
				08BD2C4C2A6B628C0024A874 /* WalletConnectDefaultSocketFactory.swift */,
				08BD2C4A2A6B62630024A874 /* WalletConnectDefaultCryptoProvider.swift */,
				088928302A6B5C70007DFE0E /* WalletConnectAuthViewModel.swift */,
				0889282E2A6B5C5E007DFE0E /* WalletConnectAuthView.swift */,
				088928322A6B5D55007DFE0E /* WalletConnectQRCodeGenerator.swift */,
			);
			path = "Wallet Connect";
			sourceTree = "<group>";
		};
/* End PBXGroup section */

/* Begin PBXNativeTarget section */
		0889277D2A6B2427007DFE0E /* LeSnacks */ = {
			isa = PBXNativeTarget;
			buildConfigurationList = 088927A22A6B2428007DFE0E /* Build configuration list for PBXNativeTarget "LeSnacks" */;
			buildPhases = (
				0889277A2A6B2427007DFE0E /* Sources */,
				0889277B2A6B2427007DFE0E /* Frameworks */,
				0889277C2A6B2427007DFE0E /* Resources */,
			);
			buildRules = (
			);
			dependencies = (
			);
			name = LeSnacks;
			packageProductDependencies = (
				088927AC2A6B26A6007DFE0E /* SnowballAssetKit */,
				088927AE2A6B26A6007DFE0E /* SnowballSwiftKit */,
				088927FF2A6B52A9007DFE0E /* WalletConnect */,
				088928012A6B52A9007DFE0E /* WalletConnectAuth */,
				088928032A6B52A9007DFE0E /* WalletConnectChat */,
				088928052A6B52A9007DFE0E /* WalletConnectEcho */,
				088928072A6B52A9007DFE0E /* WalletConnectHistory */,
				088928092A6B52A9007DFE0E /* WalletConnectModal */,
				0889280B2A6B52A9007DFE0E /* WalletConnectNetworking */,
				0889280D2A6B52A9007DFE0E /* WalletConnectPairing */,
				0889280F2A6B52A9007DFE0E /* WalletConnectPush */,
				088928112A6B52A9007DFE0E /* WalletConnectRouter */,
				088928132A6B52A9007DFE0E /* WalletConnectSync */,
				088928152A6B52A9007DFE0E /* WalletConnectVerify */,
				088928172A6B52A9007DFE0E /* Web3Inbox */,
				088928192A6B52A9007DFE0E /* Web3Wallet */,
				0889281F2A6B5530007DFE0E /* Starscream */,
				088928222A6B55FB007DFE0E /* Web3 */,
				088928292A6B5B15007DFE0E /* HDWalletKit */,
			);
			productName = LeSnacks;
			productReference = 0889277E2A6B2427007DFE0E /* LeSnacks.app */;
			productType = "com.apple.product-type.application";
		};
		0889278D2A6B2428007DFE0E /* LeSnacksTests */ = {
			isa = PBXNativeTarget;
			buildConfigurationList = 088927A52A6B2428007DFE0E /* Build configuration list for PBXNativeTarget "LeSnacksTests" */;
			buildPhases = (
				0889278A2A6B2428007DFE0E /* Sources */,
				0889278B2A6B2428007DFE0E /* Frameworks */,
				0889278C2A6B2428007DFE0E /* Resources */,
			);
			buildRules = (
			);
			dependencies = (
				088927902A6B2428007DFE0E /* PBXTargetDependency */,
			);
			name = LeSnacksTests;
			productName = LeSnacksTests;
			productReference = 0889278E2A6B2428007DFE0E /* LeSnacksTests.xctest */;
			productType = "com.apple.product-type.bundle.unit-test";
		};
		088927972A6B2428007DFE0E /* LeSnacksUITests */ = {
			isa = PBXNativeTarget;
			buildConfigurationList = 088927A82A6B2428007DFE0E /* Build configuration list for PBXNativeTarget "LeSnacksUITests" */;
			buildPhases = (
				088927942A6B2428007DFE0E /* Sources */,
				088927952A6B2428007DFE0E /* Frameworks */,
				088927962A6B2428007DFE0E /* Resources */,
			);
			buildRules = (
			);
			dependencies = (
				0889279A2A6B2428007DFE0E /* PBXTargetDependency */,
			);
			name = LeSnacksUITests;
			productName = LeSnacksUITests;
			productReference = 088927982A6B2428007DFE0E /* LeSnacksUITests.xctest */;
			productType = "com.apple.product-type.bundle.ui-testing";
		};
/* End PBXNativeTarget section */

/* Begin PBXProject section */
		088927762A6B2427007DFE0E /* Project object */ = {
			isa = PBXProject;
			attributes = {
				BuildIndependentTargetsInParallel = 1;
				LastSwiftUpdateCheck = 1430;
				LastUpgradeCheck = 1430;
				TargetAttributes = {
					0889277D2A6B2427007DFE0E = {
						CreatedOnToolsVersion = 14.3.1;
					};
					0889278D2A6B2428007DFE0E = {
						CreatedOnToolsVersion = 14.3.1;
						TestTargetID = 0889277D2A6B2427007DFE0E;
					};
					088927972A6B2428007DFE0E = {
						CreatedOnToolsVersion = 14.3.1;
						TestTargetID = 0889277D2A6B2427007DFE0E;
					};
				};
			};
			buildConfigurationList = 088927792A6B2427007DFE0E /* Build configuration list for PBXProject "LeSnacks" */;
			compatibilityVersion = "Xcode 14.0";
			developmentRegion = en;
			hasScannedForEncodings = 0;
			knownRegions = (
				en,
				Base,
			);
			mainGroup = 088927752A6B2427007DFE0E;
			packageReferences = (
				088927AB2A6B26A6007DFE0E /* XCRemoteSwiftPackageReference "SnowballSwiftKit" */,
				088927FE2A6B52A9007DFE0E /* XCRemoteSwiftPackageReference "WalletConnectSwiftV2" */,
				0889281E2A6B5530007DFE0E /* XCRemoteSwiftPackageReference "Starscream" */,
				088928212A6B55FB007DFE0E /* XCRemoteSwiftPackageReference "Web3.swift" */,
				088928282A6B5B15007DFE0E /* XCRemoteSwiftPackageReference "HDWallet" */,
			);
			productRefGroup = 0889277F2A6B2427007DFE0E /* Products */;
			projectDirPath = "";
			projectRoot = "";
			targets = (
				0889277D2A6B2427007DFE0E /* LeSnacks */,
				0889278D2A6B2428007DFE0E /* LeSnacksTests */,
				088927972A6B2428007DFE0E /* LeSnacksUITests */,
			);
		};
/* End PBXProject section */

/* Begin PBXResourcesBuildPhase section */
		0889277C2A6B2427007DFE0E /* Resources */ = {
			isa = PBXResourcesBuildPhase;
			buildActionMask = 2147483647;
			files = (
				08BD2C492A6B61440024A874 /* .swiftlint.yml in Resources */,
				088927BC2A6B306C007DFE0E /* .gitignore in Resources */,
				088927892A6B2428007DFE0E /* Preview Assets.xcassets in Resources */,
				088927B92A6B3061007DFE0E /* LICENSE.md in Resources */,
				088927BA2A6B3061007DFE0E /* README.md in Resources */,
				088927862A6B2428007DFE0E /* Assets.xcassets in Resources */,
			);
			runOnlyForDeploymentPostprocessing = 0;
		};
		0889278C2A6B2428007DFE0E /* Resources */ = {
			isa = PBXResourcesBuildPhase;
			buildActionMask = 2147483647;
			files = (
			);
			runOnlyForDeploymentPostprocessing = 0;
		};
		088927962A6B2428007DFE0E /* Resources */ = {
			isa = PBXResourcesBuildPhase;
			buildActionMask = 2147483647;
			files = (
			);
			runOnlyForDeploymentPostprocessing = 0;
		};
/* End PBXResourcesBuildPhase section */

/* Begin PBXSourcesBuildPhase section */
		0889277A2A6B2427007DFE0E /* Sources */ = {
			isa = PBXSourcesBuildPhase;
			buildActionMask = 2147483647;
			files = (
				088927CB2A6B3D35007DFE0E /* Restaurant.swift in Sources */,
				088927D02A6B3DD6007DFE0E /* RestaurantViewModel.swift in Sources */,
				088927BF2A6B31AF007DFE0E /* LoginProviders.swift in Sources */,
				0889281C2A6B5359007DFE0E /* Configuration.swift in Sources */,
				088927B32A6B2E8A007DFE0E /* ProfileView.swift in Sources */,
				0889282F2A6B5C5E007DFE0E /* WalletConnectAuthView.swift in Sources */,
				088927B12A6B2AA0007DFE0E /* LoginProviderCell.swift in Sources */,
				08BD2C572A6B79C40024A874 /* SceneDelegate.swift in Sources */,
				08BD2C552A6B79340024A874 /* AppDelegate.swift in Sources */,
				088927CD2A6B3D78007DFE0E /* APIManager.swift in Sources */,
				088927C42A6B33E6007DFE0E /* ChatListView.swift in Sources */,
				088928332A6B5D55007DFE0E /* WalletConnectQRCodeGenerator.swift in Sources */,
				088927C82A6B3BDA007DFE0E /* RepConnectView.swift in Sources */,
				08BD2C4B2A6B62630024A874 /* WalletConnectDefaultCryptoProvider.swift in Sources */,
				088927C62A6B33EF007DFE0E /* ChatView.swift in Sources */,
				08BD2C4D2A6B628C0024A874 /* WalletConnectDefaultSocketFactory.swift in Sources */,
				088927B52A6B3009007DFE0E /* MapView.swift in Sources */,
				088927842A6B2427007DFE0E /* LoginView.swift in Sources */,
				088927822A6B2427007DFE0E /* LeSnacksApp.swift in Sources */,
				088928312A6B5C70007DFE0E /* WalletConnectAuthViewModel.swift in Sources */,
			);
			runOnlyForDeploymentPostprocessing = 0;
		};
		0889278A2A6B2428007DFE0E /* Sources */ = {
			isa = PBXSourcesBuildPhase;
			buildActionMask = 2147483647;
			files = (
				088927932A6B2428007DFE0E /* LeSnacksTests.swift in Sources */,
			);
			runOnlyForDeploymentPostprocessing = 0;
		};
		088927942A6B2428007DFE0E /* Sources */ = {
			isa = PBXSourcesBuildPhase;
			buildActionMask = 2147483647;
			files = (
				0889279F2A6B2428007DFE0E /* LeSnacksUITestsLaunchTests.swift in Sources */,
				0889279D2A6B2428007DFE0E /* LeSnacksUITests.swift in Sources */,
			);
			runOnlyForDeploymentPostprocessing = 0;
		};
/* End PBXSourcesBuildPhase section */

/* Begin PBXTargetDependency section */
		088927902A6B2428007DFE0E /* PBXTargetDependency */ = {
			isa = PBXTargetDependency;
			target = 0889277D2A6B2427007DFE0E /* LeSnacks */;
			targetProxy = 0889278F2A6B2428007DFE0E /* PBXContainerItemProxy */;
		};
		0889279A2A6B2428007DFE0E /* PBXTargetDependency */ = {
			isa = PBXTargetDependency;
			target = 0889277D2A6B2427007DFE0E /* LeSnacks */;
			targetProxy = 088927992A6B2428007DFE0E /* PBXContainerItemProxy */;
		};
/* End PBXTargetDependency section */

/* Begin XCBuildConfiguration section */
		088927A02A6B2428007DFE0E /* Debug */ = {
			isa = XCBuildConfiguration;
			baseConfigurationReference = 088927B62A6B302D007DFE0E /* Config.xcconfig */;
			buildSettings = {
				ALWAYS_SEARCH_USER_PATHS = NO;
				CLANG_ANALYZER_NONNULL = YES;
				CLANG_ANALYZER_NUMBER_OBJECT_CONVERSION = YES_AGGRESSIVE;
				CLANG_CXX_LANGUAGE_STANDARD = "gnu++20";
				CLANG_ENABLE_MODULES = YES;
				CLANG_ENABLE_OBJC_ARC = YES;
				CLANG_ENABLE_OBJC_WEAK = YES;
				CLANG_WARN_BLOCK_CAPTURE_AUTORELEASING = YES;
				CLANG_WARN_BOOL_CONVERSION = YES;
				CLANG_WARN_COMMA = YES;
				CLANG_WARN_CONSTANT_CONVERSION = YES;
				CLANG_WARN_DEPRECATED_OBJC_IMPLEMENTATIONS = YES;
				CLANG_WARN_DIRECT_OBJC_ISA_USAGE = YES_ERROR;
				CLANG_WARN_DOCUMENTATION_COMMENTS = YES;
				CLANG_WARN_EMPTY_BODY = YES;
				CLANG_WARN_ENUM_CONVERSION = YES;
				CLANG_WARN_INFINITE_RECURSION = YES;
				CLANG_WARN_INT_CONVERSION = YES;
				CLANG_WARN_NON_LITERAL_NULL_CONVERSION = YES;
				CLANG_WARN_OBJC_IMPLICIT_RETAIN_SELF = YES;
				CLANG_WARN_OBJC_LITERAL_CONVERSION = YES;
				CLANG_WARN_OBJC_ROOT_CLASS = YES_ERROR;
				CLANG_WARN_QUOTED_INCLUDE_IN_FRAMEWORK_HEADER = YES;
				CLANG_WARN_RANGE_LOOP_ANALYSIS = YES;
				CLANG_WARN_STRICT_PROTOTYPES = YES;
				CLANG_WARN_SUSPICIOUS_MOVE = YES;
				CLANG_WARN_UNGUARDED_AVAILABILITY = YES_AGGRESSIVE;
				CLANG_WARN_UNREACHABLE_CODE = YES;
				CLANG_WARN__DUPLICATE_METHOD_MATCH = YES;
				COPY_PHASE_STRIP = NO;
				DEBUG_INFORMATION_FORMAT = dwarf;
				ENABLE_STRICT_OBJC_MSGSEND = YES;
				ENABLE_TESTABILITY = YES;
				GCC_C_LANGUAGE_STANDARD = gnu11;
				GCC_DYNAMIC_NO_PIC = NO;
				GCC_NO_COMMON_BLOCKS = YES;
				GCC_OPTIMIZATION_LEVEL = 0;
				GCC_PREPROCESSOR_DEFINITIONS = (
					"DEBUG=1",
					"$(inherited)",
				);
				GCC_WARN_64_TO_32_BIT_CONVERSION = YES;
				GCC_WARN_ABOUT_RETURN_TYPE = YES_ERROR;
				GCC_WARN_UNDECLARED_SELECTOR = YES;
				GCC_WARN_UNINITIALIZED_AUTOS = YES_AGGRESSIVE;
				GCC_WARN_UNUSED_FUNCTION = YES;
				GCC_WARN_UNUSED_VARIABLE = YES;
				IPHONEOS_DEPLOYMENT_TARGET = 16.4;
				MTL_ENABLE_DEBUG_INFO = INCLUDE_SOURCE;
				MTL_FAST_MATH = YES;
				ONLY_ACTIVE_ARCH = YES;
				SDKROOT = iphoneos;
				SWIFT_ACTIVE_COMPILATION_CONDITIONS = DEBUG;
				SWIFT_OPTIMIZATION_LEVEL = "-Onone";
			};
			name = Debug;
		};
		088927A12A6B2428007DFE0E /* Release */ = {
			isa = XCBuildConfiguration;
			baseConfigurationReference = 088927B62A6B302D007DFE0E /* Config.xcconfig */;
			buildSettings = {
				ALWAYS_SEARCH_USER_PATHS = NO;
				CLANG_ANALYZER_NONNULL = YES;
				CLANG_ANALYZER_NUMBER_OBJECT_CONVERSION = YES_AGGRESSIVE;
				CLANG_CXX_LANGUAGE_STANDARD = "gnu++20";
				CLANG_ENABLE_MODULES = YES;
				CLANG_ENABLE_OBJC_ARC = YES;
				CLANG_ENABLE_OBJC_WEAK = YES;
				CLANG_WARN_BLOCK_CAPTURE_AUTORELEASING = YES;
				CLANG_WARN_BOOL_CONVERSION = YES;
				CLANG_WARN_COMMA = YES;
				CLANG_WARN_CONSTANT_CONVERSION = YES;
				CLANG_WARN_DEPRECATED_OBJC_IMPLEMENTATIONS = YES;
				CLANG_WARN_DIRECT_OBJC_ISA_USAGE = YES_ERROR;
				CLANG_WARN_DOCUMENTATION_COMMENTS = YES;
				CLANG_WARN_EMPTY_BODY = YES;
				CLANG_WARN_ENUM_CONVERSION = YES;
				CLANG_WARN_INFINITE_RECURSION = YES;
				CLANG_WARN_INT_CONVERSION = YES;
				CLANG_WARN_NON_LITERAL_NULL_CONVERSION = YES;
				CLANG_WARN_OBJC_IMPLICIT_RETAIN_SELF = YES;
				CLANG_WARN_OBJC_LITERAL_CONVERSION = YES;
				CLANG_WARN_OBJC_ROOT_CLASS = YES_ERROR;
				CLANG_WARN_QUOTED_INCLUDE_IN_FRAMEWORK_HEADER = YES;
				CLANG_WARN_RANGE_LOOP_ANALYSIS = YES;
				CLANG_WARN_STRICT_PROTOTYPES = YES;
				CLANG_WARN_SUSPICIOUS_MOVE = YES;
				CLANG_WARN_UNGUARDED_AVAILABILITY = YES_AGGRESSIVE;
				CLANG_WARN_UNREACHABLE_CODE = YES;
				CLANG_WARN__DUPLICATE_METHOD_MATCH = YES;
				COPY_PHASE_STRIP = NO;
				DEBUG_INFORMATION_FORMAT = "dwarf-with-dsym";
				ENABLE_NS_ASSERTIONS = NO;
				ENABLE_STRICT_OBJC_MSGSEND = YES;
				GCC_C_LANGUAGE_STANDARD = gnu11;
				GCC_NO_COMMON_BLOCKS = YES;
				GCC_WARN_64_TO_32_BIT_CONVERSION = YES;
				GCC_WARN_ABOUT_RETURN_TYPE = YES_ERROR;
				GCC_WARN_UNDECLARED_SELECTOR = YES;
				GCC_WARN_UNINITIALIZED_AUTOS = YES_AGGRESSIVE;
				GCC_WARN_UNUSED_FUNCTION = YES;
				GCC_WARN_UNUSED_VARIABLE = YES;
				IPHONEOS_DEPLOYMENT_TARGET = 16.4;
				MTL_ENABLE_DEBUG_INFO = NO;
				MTL_FAST_MATH = YES;
				SDKROOT = iphoneos;
				SWIFT_COMPILATION_MODE = wholemodule;
				SWIFT_OPTIMIZATION_LEVEL = "-O";
				VALIDATE_PRODUCT = YES;
			};
			name = Release;
		};
		088927A32A6B2428007DFE0E /* Debug */ = {
			isa = XCBuildConfiguration;
			baseConfigurationReference = 088927B62A6B302D007DFE0E /* Config.xcconfig */;
			buildSettings = {
				ASSETCATALOG_COMPILER_APPICON_NAME = AppIcon;
				ASSETCATALOG_COMPILER_GLOBAL_ACCENT_COLOR_NAME = AccentColor;
				CODE_SIGN_ENTITLEMENTS = LeSnacks/LeSnacks.entitlements;
				CODE_SIGN_STYLE = Automatic;
				CURRENT_PROJECT_VERSION = 1;
				DEVELOPMENT_ASSET_PATHS = "\"LeSnacks/Preview Content\"";
				DEVELOPMENT_TEAM = 9SAQ42S589;
				ENABLE_PREVIEWS = YES;
				GENERATE_INFOPLIST_FILE = YES;
				INFOPLIST_FILE = LeSnacks/Info.plist;
				INFOPLIST_KEY_UIApplicationSceneManifest_Generation = YES;
				INFOPLIST_KEY_UIApplicationSupportsIndirectInputEvents = YES;
				INFOPLIST_KEY_UILaunchScreen_Generation = YES;
				INFOPLIST_KEY_UISupportedInterfaceOrientations_iPad = "UIInterfaceOrientationPortrait UIInterfaceOrientationPortraitUpsideDown UIInterfaceOrientationLandscapeLeft UIInterfaceOrientationLandscapeRight";
				INFOPLIST_KEY_UISupportedInterfaceOrientations_iPhone = "UIInterfaceOrientationPortrait UIInterfaceOrientationLandscapeLeft UIInterfaceOrientationLandscapeRight";
				LD_RUNPATH_SEARCH_PATHS = (
					"$(inherited)",
					"@executable_path/Frameworks",
				);
				MARKETING_VERSION = 1.0;
				PRODUCT_BUNDLE_IDENTIFIER = xyz.parisbeepboop.LeSnacks;
				PRODUCT_NAME = "$(TARGET_NAME)";
				SWIFT_EMIT_LOC_STRINGS = YES;
				SWIFT_VERSION = 5.0;
				TARGETED_DEVICE_FAMILY = "1,2";
			};
			name = Debug;
		};
		088927A42A6B2428007DFE0E /* Release */ = {
			isa = XCBuildConfiguration;
			baseConfigurationReference = 088927B62A6B302D007DFE0E /* Config.xcconfig */;
			buildSettings = {
				ASSETCATALOG_COMPILER_APPICON_NAME = AppIcon;
				ASSETCATALOG_COMPILER_GLOBAL_ACCENT_COLOR_NAME = AccentColor;
				CODE_SIGN_ENTITLEMENTS = LeSnacks/LeSnacks.entitlements;
				CODE_SIGN_STYLE = Automatic;
				CURRENT_PROJECT_VERSION = 1;
				DEVELOPMENT_ASSET_PATHS = "\"LeSnacks/Preview Content\"";
				DEVELOPMENT_TEAM = 9SAQ42S589;
				ENABLE_PREVIEWS = YES;
				GENERATE_INFOPLIST_FILE = YES;
				INFOPLIST_FILE = LeSnacks/Info.plist;
				INFOPLIST_KEY_UIApplicationSceneManifest_Generation = YES;
				INFOPLIST_KEY_UIApplicationSupportsIndirectInputEvents = YES;
				INFOPLIST_KEY_UILaunchScreen_Generation = YES;
				INFOPLIST_KEY_UISupportedInterfaceOrientations_iPad = "UIInterfaceOrientationPortrait UIInterfaceOrientationPortraitUpsideDown UIInterfaceOrientationLandscapeLeft UIInterfaceOrientationLandscapeRight";
				INFOPLIST_KEY_UISupportedInterfaceOrientations_iPhone = "UIInterfaceOrientationPortrait UIInterfaceOrientationLandscapeLeft UIInterfaceOrientationLandscapeRight";
				LD_RUNPATH_SEARCH_PATHS = (
					"$(inherited)",
					"@executable_path/Frameworks",
				);
				MARKETING_VERSION = 1.0;
				PRODUCT_BUNDLE_IDENTIFIER = xyz.parisbeepboop.LeSnacks;
				PRODUCT_NAME = "$(TARGET_NAME)";
				SWIFT_EMIT_LOC_STRINGS = YES;
				SWIFT_VERSION = 5.0;
				TARGETED_DEVICE_FAMILY = "1,2";
			};
			name = Release;
		};
		088927A62A6B2428007DFE0E /* Debug */ = {
			isa = XCBuildConfiguration;
			baseConfigurationReference = 088927B62A6B302D007DFE0E /* Config.xcconfig */;
			buildSettings = {
				ALWAYS_EMBED_SWIFT_STANDARD_LIBRARIES = YES;
				BUNDLE_LOADER = "$(TEST_HOST)";
				CODE_SIGN_STYLE = Automatic;
				CURRENT_PROJECT_VERSION = 1;
				DEVELOPMENT_TEAM = 9SAQ42S589;
				GENERATE_INFOPLIST_FILE = YES;
				IPHONEOS_DEPLOYMENT_TARGET = 16.4;
				MARKETING_VERSION = 1.0;
				PRODUCT_BUNDLE_IDENTIFIER = xyz.parisbeepboop.LeSnacksTests;
				PRODUCT_NAME = "$(TARGET_NAME)";
				SWIFT_EMIT_LOC_STRINGS = NO;
				SWIFT_VERSION = 5.0;
				TARGETED_DEVICE_FAMILY = "1,2";
				TEST_HOST = "$(BUILT_PRODUCTS_DIR)/LeSnacks.app/$(BUNDLE_EXECUTABLE_FOLDER_PATH)/LeSnacks";
			};
			name = Debug;
		};
		088927A72A6B2428007DFE0E /* Release */ = {
			isa = XCBuildConfiguration;
			baseConfigurationReference = 088927B62A6B302D007DFE0E /* Config.xcconfig */;
			buildSettings = {
				ALWAYS_EMBED_SWIFT_STANDARD_LIBRARIES = YES;
				BUNDLE_LOADER = "$(TEST_HOST)";
				CODE_SIGN_STYLE = Automatic;
				CURRENT_PROJECT_VERSION = 1;
				DEVELOPMENT_TEAM = 9SAQ42S589;
				GENERATE_INFOPLIST_FILE = YES;
				IPHONEOS_DEPLOYMENT_TARGET = 16.4;
				MARKETING_VERSION = 1.0;
				PRODUCT_BUNDLE_IDENTIFIER = xyz.parisbeepboop.LeSnacksTests;
				PRODUCT_NAME = "$(TARGET_NAME)";
				SWIFT_EMIT_LOC_STRINGS = NO;
				SWIFT_VERSION = 5.0;
				TARGETED_DEVICE_FAMILY = "1,2";
				TEST_HOST = "$(BUILT_PRODUCTS_DIR)/LeSnacks.app/$(BUNDLE_EXECUTABLE_FOLDER_PATH)/LeSnacks";
			};
			name = Release;
		};
		088927A92A6B2428007DFE0E /* Debug */ = {
			isa = XCBuildConfiguration;
			baseConfigurationReference = 088927B62A6B302D007DFE0E /* Config.xcconfig */;
			buildSettings = {
				ALWAYS_EMBED_SWIFT_STANDARD_LIBRARIES = YES;
				CODE_SIGN_STYLE = Automatic;
				CURRENT_PROJECT_VERSION = 1;
				DEVELOPMENT_TEAM = 9SAQ42S589;
				GENERATE_INFOPLIST_FILE = YES;
				MARKETING_VERSION = 1.0;
				PRODUCT_BUNDLE_IDENTIFIER = xyz.parisbeepboop.LeSnacksUITests;
				PRODUCT_NAME = "$(TARGET_NAME)";
				SWIFT_EMIT_LOC_STRINGS = NO;
				SWIFT_VERSION = 5.0;
				TARGETED_DEVICE_FAMILY = "1,2";
				TEST_TARGET_NAME = LeSnacks;
			};
			name = Debug;
		};
		088927AA2A6B2428007DFE0E /* Release */ = {
			isa = XCBuildConfiguration;
			baseConfigurationReference = 088927B62A6B302D007DFE0E /* Config.xcconfig */;
			buildSettings = {
				ALWAYS_EMBED_SWIFT_STANDARD_LIBRARIES = YES;
				CODE_SIGN_STYLE = Automatic;
				CURRENT_PROJECT_VERSION = 1;
				DEVELOPMENT_TEAM = 9SAQ42S589;
				GENERATE_INFOPLIST_FILE = YES;
				MARKETING_VERSION = 1.0;
				PRODUCT_BUNDLE_IDENTIFIER = xyz.parisbeepboop.LeSnacksUITests;
				PRODUCT_NAME = "$(TARGET_NAME)";
				SWIFT_EMIT_LOC_STRINGS = NO;
				SWIFT_VERSION = 5.0;
				TARGETED_DEVICE_FAMILY = "1,2";
				TEST_TARGET_NAME = LeSnacks;
			};
			name = Release;
		};
/* End XCBuildConfiguration section */

/* Begin XCConfigurationList section */
		088927792A6B2427007DFE0E /* Build configuration list for PBXProject "LeSnacks" */ = {
			isa = XCConfigurationList;
			buildConfigurations = (
				088927A02A6B2428007DFE0E /* Debug */,
				088927A12A6B2428007DFE0E /* Release */,
			);
			defaultConfigurationIsVisible = 0;
			defaultConfigurationName = Release;
		};
		088927A22A6B2428007DFE0E /* Build configuration list for PBXNativeTarget "LeSnacks" */ = {
			isa = XCConfigurationList;
			buildConfigurations = (
				088927A32A6B2428007DFE0E /* Debug */,
				088927A42A6B2428007DFE0E /* Release */,
			);
			defaultConfigurationIsVisible = 0;
			defaultConfigurationName = Release;
		};
		088927A52A6B2428007DFE0E /* Build configuration list for PBXNativeTarget "LeSnacksTests" */ = {
			isa = XCConfigurationList;
			buildConfigurations = (
				088927A62A6B2428007DFE0E /* Debug */,
				088927A72A6B2428007DFE0E /* Release */,
			);
			defaultConfigurationIsVisible = 0;
			defaultConfigurationName = Release;
		};
		088927A82A6B2428007DFE0E /* Build configuration list for PBXNativeTarget "LeSnacksUITests" */ = {
			isa = XCConfigurationList;
			buildConfigurations = (
				088927A92A6B2428007DFE0E /* Debug */,
				088927AA2A6B2428007DFE0E /* Release */,
			);
			defaultConfigurationIsVisible = 0;
			defaultConfigurationName = Release;
		};
/* End XCConfigurationList section */

/* Begin XCRemoteSwiftPackageReference section */
		088927AB2A6B26A6007DFE0E /* XCRemoteSwiftPackageReference "SnowballSwiftKit" */ = {
			isa = XCRemoteSwiftPackageReference;
			repositoryURL = "https://github.com/snowball-tools/SnowballSwiftKit.git";
			requirement = {
				kind = upToNextMinorVersion;
				minimumVersion = 0.0.6;
			};
		};
		088927FE2A6B52A9007DFE0E /* XCRemoteSwiftPackageReference "WalletConnectSwiftV2" */ = {
			isa = XCRemoteSwiftPackageReference;
			repositoryURL = "https://github.com/WalletConnect/WalletConnectSwiftV2.git";
			requirement = {
				kind = upToNextMinorVersion;
				minimumVersion = 1.6.13;
			};
		};
		0889281E2A6B5530007DFE0E /* XCRemoteSwiftPackageReference "Starscream" */ = {
			isa = XCRemoteSwiftPackageReference;
			repositoryURL = "https://github.com/daltoniam/Starscream.git";
			requirement = {
				kind = upToNextMinorVersion;
				minimumVersion = 3.1.1;
			};
		};
		088928212A6B55FB007DFE0E /* XCRemoteSwiftPackageReference "Web3.swift" */ = {
			isa = XCRemoteSwiftPackageReference;
			repositoryURL = "https://github.com/Boilertalk/Web3.swift.git";
			requirement = {
				kind = upToNextMinorVersion;
				minimumVersion = 0.8.3;
			};
		};
		088928282A6B5B15007DFE0E /* XCRemoteSwiftPackageReference "HDWallet" */ = {
			isa = XCRemoteSwiftPackageReference;
			repositoryURL = "https://github.com/WalletConnect/HDWallet";
			requirement = {
				branch = develop;
				kind = branch;
			};
		};
/* End XCRemoteSwiftPackageReference section */

/* Begin XCSwiftPackageProductDependency section */
		088927AC2A6B26A6007DFE0E /* SnowballAssetKit */ = {
			isa = XCSwiftPackageProductDependency;
			package = 088927AB2A6B26A6007DFE0E /* XCRemoteSwiftPackageReference "SnowballSwiftKit" */;
			productName = SnowballAssetKit;
		};
		088927AE2A6B26A6007DFE0E /* SnowballSwiftKit */ = {
			isa = XCSwiftPackageProductDependency;
			package = 088927AB2A6B26A6007DFE0E /* XCRemoteSwiftPackageReference "SnowballSwiftKit" */;
			productName = SnowballSwiftKit;
		};
		088927FF2A6B52A9007DFE0E /* WalletConnect */ = {
			isa = XCSwiftPackageProductDependency;
			package = 088927FE2A6B52A9007DFE0E /* XCRemoteSwiftPackageReference "WalletConnectSwiftV2" */;
			productName = WalletConnect;
		};
		088928012A6B52A9007DFE0E /* WalletConnectAuth */ = {
			isa = XCSwiftPackageProductDependency;
			package = 088927FE2A6B52A9007DFE0E /* XCRemoteSwiftPackageReference "WalletConnectSwiftV2" */;
			productName = WalletConnectAuth;
		};
		088928032A6B52A9007DFE0E /* WalletConnectChat */ = {
			isa = XCSwiftPackageProductDependency;
			package = 088927FE2A6B52A9007DFE0E /* XCRemoteSwiftPackageReference "WalletConnectSwiftV2" */;
			productName = WalletConnectChat;
		};
		088928052A6B52A9007DFE0E /* WalletConnectEcho */ = {
			isa = XCSwiftPackageProductDependency;
			package = 088927FE2A6B52A9007DFE0E /* XCRemoteSwiftPackageReference "WalletConnectSwiftV2" */;
			productName = WalletConnectEcho;
		};
		088928072A6B52A9007DFE0E /* WalletConnectHistory */ = {
			isa = XCSwiftPackageProductDependency;
			package = 088927FE2A6B52A9007DFE0E /* XCRemoteSwiftPackageReference "WalletConnectSwiftV2" */;
			productName = WalletConnectHistory;
		};
		088928092A6B52A9007DFE0E /* WalletConnectModal */ = {
			isa = XCSwiftPackageProductDependency;
			package = 088927FE2A6B52A9007DFE0E /* XCRemoteSwiftPackageReference "WalletConnectSwiftV2" */;
			productName = WalletConnectModal;
		};
		0889280B2A6B52A9007DFE0E /* WalletConnectNetworking */ = {
			isa = XCSwiftPackageProductDependency;
			package = 088927FE2A6B52A9007DFE0E /* XCRemoteSwiftPackageReference "WalletConnectSwiftV2" */;
			productName = WalletConnectNetworking;
		};
		0889280D2A6B52A9007DFE0E /* WalletConnectPairing */ = {
			isa = XCSwiftPackageProductDependency;
			package = 088927FE2A6B52A9007DFE0E /* XCRemoteSwiftPackageReference "WalletConnectSwiftV2" */;
			productName = WalletConnectPairing;
		};
		0889280F2A6B52A9007DFE0E /* WalletConnectPush */ = {
			isa = XCSwiftPackageProductDependency;
			package = 088927FE2A6B52A9007DFE0E /* XCRemoteSwiftPackageReference "WalletConnectSwiftV2" */;
			productName = WalletConnectPush;
		};
		088928112A6B52A9007DFE0E /* WalletConnectRouter */ = {
			isa = XCSwiftPackageProductDependency;
			package = 088927FE2A6B52A9007DFE0E /* XCRemoteSwiftPackageReference "WalletConnectSwiftV2" */;
			productName = WalletConnectRouter;
		};
		088928132A6B52A9007DFE0E /* WalletConnectSync */ = {
			isa = XCSwiftPackageProductDependency;
			package = 088927FE2A6B52A9007DFE0E /* XCRemoteSwiftPackageReference "WalletConnectSwiftV2" */;
			productName = WalletConnectSync;
		};
		088928152A6B52A9007DFE0E /* WalletConnectVerify */ = {
			isa = XCSwiftPackageProductDependency;
			package = 088927FE2A6B52A9007DFE0E /* XCRemoteSwiftPackageReference "WalletConnectSwiftV2" */;
			productName = WalletConnectVerify;
		};
		088928172A6B52A9007DFE0E /* Web3Inbox */ = {
			isa = XCSwiftPackageProductDependency;
			package = 088927FE2A6B52A9007DFE0E /* XCRemoteSwiftPackageReference "WalletConnectSwiftV2" */;
			productName = Web3Inbox;
		};
		088928192A6B52A9007DFE0E /* Web3Wallet */ = {
			isa = XCSwiftPackageProductDependency;
			package = 088927FE2A6B52A9007DFE0E /* XCRemoteSwiftPackageReference "WalletConnectSwiftV2" */;
			productName = Web3Wallet;
		};
		0889281F2A6B5530007DFE0E /* Starscream */ = {
			isa = XCSwiftPackageProductDependency;
			package = 0889281E2A6B5530007DFE0E /* XCRemoteSwiftPackageReference "Starscream" */;
			productName = Starscream;
		};
		088928222A6B55FB007DFE0E /* Web3 */ = {
			isa = XCSwiftPackageProductDependency;
			package = 088928212A6B55FB007DFE0E /* XCRemoteSwiftPackageReference "Web3.swift" */;
			productName = Web3;
		};
		088928292A6B5B15007DFE0E /* HDWalletKit */ = {
			isa = XCSwiftPackageProductDependency;
			package = 088928282A6B5B15007DFE0E /* XCRemoteSwiftPackageReference "HDWallet" */;
			productName = HDWalletKit;
		};
/* End XCSwiftPackageProductDependency section */
	};
	rootObject = 088927762A6B2427007DFE0E /* Project object */;
}
